# This file is automatically @generated by Poetry 1.5.1 and should not be changed by hand.

[[package]]
name = "datetime2"
version = "0.9.4"
description = "New date and time classes"
optional = false
python-versions = "*"
files = [
    {file = "datetime2-0.9.4-py3-none-any.whl", hash = "sha256:a1eddb7adc65a541556570d9023614b1f66faa367f3d8e9fec1378e1446e31be"},
    {file = "datetime2-0.9.4.tar.gz", hash = "sha256:8daa07b2e71b2cdddc5dd0083bfa3f38403e9557978e9e9925d336d5915df9b8"},
]

[metadata]
lock-version = "2.0"
python-versions = ">=3.10.0,<3.11"
content-hash = "44c44418dce6db9024e82d00cfa57d691dad1e7813e532352796d346fc46aab2"
